
Microsoft Visual Studio Solution File, Format Version 12.00
# Visual Studio Version 16
VisualStudioVersion = 16.0.30204.135
MinimumVisualStudioVersion = 10.0.40219.1
Project("{159641D6-6404-4A2A-AE62-294DE0FE8301}") = "ImportData", "ImportData.dtproj", "{E90E442F-15B7-4E51-9EA6-810011B5BCA1}"
EndProject
Global
	GlobalSection(SolutionConfigurationPlatforms) = preSolution
		Development|Default = Development|Default
	EndGlobalSection
	GlobalSection(ProjectConfigurationPlatforms) = postSolution
		{E90E442F-15B7-4E51-9EA6-810011B5BCA1}.Development|Default.ActiveCfg = Development
		{E90E442F-15B7-4E51-9EA6-810011B5BCA1}.Development|Default.Build.0 = Development
	EndGlobalSection
	GlobalSection(SolutionProperties) = preSolution
		HideSolutionNode = FALSE
	EndGlobalSection
	GlobalSection(ExtensibilityGlobals) = postSolution
		SolutionGuid = {F3FFEBE1-227B-4F52-805D-1EABB2FAF085}
	EndGlobalSection
EndGlobal
